
Microsoft Visual Studio Solution File, Format Version 12.00
# Visual Studio Version 17
VisualStudioVersion = 17.12.35527.113
MinimumVisualStudioVersion = 10.0.40219.1
Project("{FAE04EC0-301F-11D3-BF4B-00C04F79EFBC}") = "SimpleBookCatalog.Domain", "SimpleBookCatalog.Domain\SimpleBookCatalog.Domain.csproj", "{141B0367-4F0B-40B5-BAD7-D2CE5635A612}"
EndProject
Project("{FAE04EC0-301F-11D3-BF4B-00C04F79EFBC}") = "SimpleBookCatalog.Application", "SimpleBookCatalog.Application\SimpleBookCatalog.Application.csproj", "{8C837915-325E-4F3E-8E3C-97D98AD87196}"
EndProject
Project("{FAE04EC0-301F-11D3-BF4B-00C04F79EFBC}") = "SimpleBookCatalog.Infrastructure", "SimpleBookCatalog.Infrastructure\SimpleBookCatalog.Infrastructure.csproj", "{04862CAB-99CD-4FAF-B616-6B81102B0B3F}"
	ProjectSection(ProjectDependencies) = postProject
		{141B0367-4F0B-40B5-BAD7-D2CE5635A612} = {141B0367-4F0B-40B5-BAD7-D2CE5635A612}
	EndProjectSection
EndProject
Project("{FAE04EC0-301F-11D3-BF4B-00C04F79EFBC}") = "SimpleBookCatalog", "SimpleBookCatalog\SimpleBookCatalog.csproj", "{DAA34056-917A-4EDD-B7A0-197193118DB7}"
EndProject
Global
	GlobalSection(SolutionConfigurationPlatforms) = preSolution
		Debug|Any CPU = Debug|Any CPU
		Release|Any CPU = Release|Any CPU
	EndGlobalSection
	GlobalSection(ProjectConfigurationPlatforms) = postSolution
		{141B0367-4F0B-40B5-BAD7-D2CE5635A612}.Debug|Any CPU.ActiveCfg = Debug|Any CPU
		{141B0367-4F0B-40B5-BAD7-D2CE5635A612}.Debug|Any CPU.Build.0 = Debug|Any CPU
		{141B0367-4F0B-40B5-BAD7-D2CE5635A612}.Release|Any CPU.ActiveCfg = Release|Any CPU
		{141B0367-4F0B-40B5-BAD7-D2CE5635A612}.Release|Any CPU.Build.0 = Release|Any CPU
		{8C837915-325E-4F3E-8E3C-97D98AD87196}.Debug|Any CPU.ActiveCfg = Debug|Any CPU
		{8C837915-325E-4F3E-8E3C-97D98AD87196}.Debug|Any CPU.Build.0 = Debug|Any CPU
		{8C837915-325E-4F3E-8E3C-97D98AD87196}.Release|Any CPU.ActiveCfg = Release|Any CPU
		{8C837915-325E-4F3E-8E3C-97D98AD87196}.Release|Any CPU.Build.0 = Release|Any CPU
		{04862CAB-99CD-4FAF-B616-6B81102B0B3F}.Debug|Any CPU.ActiveCfg = Debug|Any CPU
		{04862CAB-99CD-4FAF-B616-6B81102B0B3F}.Debug|Any CPU.Build.0 = Debug|Any CPU
		{04862CAB-99CD-4FAF-B616-6B81102B0B3F}.Release|Any CPU.ActiveCfg = Release|Any CPU
		{04862CAB-99CD-4FAF-B616-6B81102B0B3F}.Release|Any CPU.Build.0 = Release|Any CPU
		{DAA34056-917A-4EDD-B7A0-197193118DB7}.Debug|Any CPU.ActiveCfg = Debug|Any CPU
		{DAA34056-917A-4EDD-B7A0-197193118DB7}.Debug|Any CPU.Build.0 = Debug|Any CPU
		{DAA34056-917A-4EDD-B7A0-197193118DB7}.Release|Any CPU.ActiveCfg = Release|Any CPU
		{DAA34056-917A-4EDD-B7A0-197193118DB7}.Release|Any CPU.Build.0 = Release|Any CPU
	EndGlobalSection
	GlobalSection(SolutionProperties) = preSolution
		HideSolutionNode = FALSE
	EndGlobalSection
EndGlobal
